
Microsoft Visual Studio Solution File, Format Version 12.00
# Visual Studio 15
VisualStudioVersion = 15.0.28307.572
MinimumVisualStudioVersion = 10.0.40219.1
Project("{FAE04EC0-301F-11D3-BF4B-00C04F79EFBC}") = "VTOLVRPhysicalInput", "VTOLVRPhysicalInput\VTOLVRPhysicalInput.csproj", "{2B45F2E5-B009-4653-BC3C-A9954C0BB7A8}"
EndProject
Project("{FAE04EC0-301F-11D3-BF4B-00C04F79EFBC}") = "TestApp", "TestApp\TestApp.csproj", "{A24A28E5-5361-4FB0-99E7-7DDBF8B781E0}"
EndProject
Project("{2150E333-8FDC-42A3-9474-1A3956D46DE8}") = "XML", "XML", "{336D8B26-49AF-4555-BF2C-1AB8D4374BD9}"
	ProjectSection(SolutionItems) = preProject
		info.xml = info.xml
		VTOLVRPhysicalInputSettings.xml = VTOLVRPhysicalInputSettings.xml
	EndProjectSection
EndProject
Global
	GlobalSection(SolutionConfigurationPlatforms) = preSolution
		Debug|Any CPU = Debug|Any CPU
		Release|Any CPU = Release|Any CPU
	EndGlobalSection
	GlobalSection(ProjectConfigurationPlatforms) = postSolution
		{2B45F2E5-B009-4653-BC3C-A9954C0BB7A8}.Debug|Any CPU.ActiveCfg = Debug|Any CPU
		{2B45F2E5-B009-4653-BC3C-A9954C0BB7A8}.Debug|Any CPU.Build.0 = Debug|Any CPU
		{2B45F2E5-B009-4653-BC3C-A9954C0BB7A8}.Release|Any CPU.ActiveCfg = Release|Any CPU
		{2B45F2E5-B009-4653-BC3C-A9954C0BB7A8}.Release|Any CPU.Build.0 = Release|Any CPU
		{A24A28E5-5361-4FB0-99E7-7DDBF8B781E0}.Debug|Any CPU.ActiveCfg = Debug|Any CPU
		{A24A28E5-5361-4FB0-99E7-7DDBF8B781E0}.Debug|Any CPU.Build.0 = Debug|Any CPU
		{A24A28E5-5361-4FB0-99E7-7DDBF8B781E0}.Release|Any CPU.ActiveCfg = Release|Any CPU
		{A24A28E5-5361-4FB0-99E7-7DDBF8B781E0}.Release|Any CPU.Build.0 = Release|Any CPU
	EndGlobalSection
	GlobalSection(SolutionProperties) = preSolution
		HideSolutionNode = FALSE
	EndGlobalSection
	GlobalSection(ExtensibilityGlobals) = postSolution
		SolutionGuid = {14922482-C0BA-4073-91F1-8D382CCD0647}
	EndGlobalSection
EndGlobal
